
Microsoft Visual Studio Solution File, Format Version 12.00
# Visual Studio Version 16
VisualStudioVersion = 16.0.34031.81
MinimumVisualStudioVersion = 10.0.40219.1
Project("{F184B08F-C81C-45F6-A57F-5ABD9991F28F}") = "222222222", "222222222\222222222.vbproj", "{81A719B2-E690-45E7-A4FC-F6EEF3E68A5A}"
EndProject
Global
	GlobalSection(SolutionConfigurationPlatforms) = preSolution
		Debug|Any CPU = Debug|Any CPU
		Release|Any CPU = Release|Any CPU
	EndGlobalSection
	GlobalSection(ProjectConfigurationPlatforms) = postSolution
		{81A719B2-E690-45E7-A4FC-F6EEF3E68A5A}.Debug|Any CPU.ActiveCfg = Debug|Any CPU
		{81A719B2-E690-45E7-A4FC-F6EEF3E68A5A}.Debug|Any CPU.Build.0 = Debug|Any CPU
		{81A719B2-E690-45E7-A4FC-F6EEF3E68A5A}.Release|Any CPU.ActiveCfg = Release|Any CPU
		{81A719B2-E690-45E7-A4FC-F6EEF3E68A5A}.Release|Any CPU.Build.0 = Release|Any CPU
	EndGlobalSection
	GlobalSection(SolutionProperties) = preSolution
		HideSolutionNode = FALSE
	EndGlobalSection
	GlobalSection(ExtensibilityGlobals) = postSolution
		SolutionGuid = {250AC82D-279C-4087-A820-FD1FC97C9D35}
	EndGlobalSection
EndGlobal
